
Microsoft Visual Studio Solution File, Format Version 12.00
# Visual Studio Version 16
VisualStudioVersion = 16.0.31409.214
MinimumVisualStudioVersion = 10.0.40219.1
Project("{F2A71F9B-5D33-465A-A702-920D77279786}") = "SAP.API", "SAP.API\SAP.API.fsproj", "{2ED152B4-EA37-480C-A715-214DF5A544D3}"
EndProject
Global
	GlobalSection(SolutionConfigurationPlatforms) = preSolution
		Debug|Any CPU = Debug|Any CPU
		Release|Any CPU = Release|Any CPU
	EndGlobalSection
	GlobalSection(ProjectConfigurationPlatforms) = postSolution
		{2ED152B4-EA37-480C-A715-214DF5A544D3}.Debug|Any CPU.ActiveCfg = Debug|Any CPU
		{2ED152B4-EA37-480C-A715-214DF5A544D3}.Debug|Any CPU.Build.0 = Debug|Any CPU
		{2ED152B4-EA37-480C-A715-214DF5A544D3}.Release|Any CPU.ActiveCfg = Release|Any CPU
		{2ED152B4-EA37-480C-A715-214DF5A544D3}.Release|Any CPU.Build.0 = Release|Any CPU
	EndGlobalSection
	GlobalSection(SolutionProperties) = preSolution
		HideSolutionNode = FALSE
	EndGlobalSection
	GlobalSection(ExtensibilityGlobals) = postSolution
		SolutionGuid = {26AFF594-F6EE-4FE6-B378-D21F05DC17E4}
	EndGlobalSection
EndGlobal
